// !$*UTF8*$!
{
	archiveVersion = 1;
	classes = {
	};
	objectVersion = 55;
	objects = {

/* Begin PBXBuildFile section */
		1F7ED2932894449700ACDB57 /* GuhsoPodcastApp.swift in Sources */ = {isa = PBXBuildFile; fileRef = 1F7ED2922894449700ACDB57 /* GuhsoPodcastApp.swift */; };
		1F7ED2952894449700ACDB57 /* ContentView.swift in Sources */ = {isa = PBXBuildFile; fileRef = 1F7ED2942894449700ACDB57 /* ContentView.swift */; };
		1F7ED2972894449900ACDB57 /* Assets.xcassets in Resources */ = {isa = PBXBuildFile; fileRef = 1F7ED2962894449900ACDB57 /* Assets.xcassets */; };
		1F7ED29A2894449900ACDB57 /* Preview Assets.xcassets in Resources */ = {isa = PBXBuildFile; fileRef = 1F7ED2992894449900ACDB57 /* Preview Assets.xcassets */; };
		1F7ED29C2894449900ACDB57 /* Persistence.swift in Sources */ = {isa = PBXBuildFile; fileRef = 1F7ED29B2894449900ACDB57 /* Persistence.swift */; };
		1F7ED29F2894449900ACDB57 /* GuhsoPodcast.xcdatamodeld in Sources */ = {isa = PBXBuildFile; fileRef = 1F7ED29D2894449900ACDB57 /* GuhsoPodcast.xcdatamodeld */; };
		1F7ED2AC2894469E00ACDB57 /* HomeView.swift in Sources */ = {isa = PBXBuildFile; fileRef = 1F7ED2AB2894469E00ACDB57 /* HomeView.swift */; };
		1F7ED2AE289446AC00ACDB57 /* ProfileView.swift in Sources */ = {isa = PBXBuildFile; fileRef = 1F7ED2AD289446AC00ACDB57 /* ProfileView.swift */; };
		1F7ED2B12894473C00ACDB57 /* LoginView.swift in Sources */ = {isa = PBXBuildFile; fileRef = 1F7ED2B02894473C00ACDB57 /* LoginView.swift */; };
		1F7ED2B32894490C00ACDB57 /* FavButton.swift in Sources */ = {isa = PBXBuildFile; fileRef = 1F7ED2B22894490C00ACDB57 /* FavButton.swift */; };
		1F7ED2B528944ADF00ACDB57 /* PlayButton.swift in Sources */ = {isa = PBXBuildFile; fileRef = 1F7ED2B428944ADF00ACDB57 /* PlayButton.swift */; };
		1F7ED2B728944DAC00ACDB57 /* ProfileButton.swift in Sources */ = {isa = PBXBuildFile; fileRef = 1F7ED2B628944DAC00ACDB57 /* ProfileButton.swift */; };
		1F7ED2B928944F8900ACDB57 /* EpisodeCard.swift in Sources */ = {isa = PBXBuildFile; fileRef = 1F7ED2B828944F8900ACDB57 /* EpisodeCard.swift */; };
		1F7ED2BC28945C6100ACDB57 /* PlayerSheet.swift in Sources */ = {isa = PBXBuildFile; fileRef = 1F7ED2BB28945C6100ACDB57 /* PlayerSheet.swift */; };
		1F7ED2BE28945C9B00ACDB57 /* CategorySection.swift in Sources */ = {isa = PBXBuildFile; fileRef = 1F7ED2BD28945C9B00ACDB57 /* CategorySection.swift */; };
		1F7ED2C028945CB600ACDB57 /* DirectoryView.swift in Sources */ = {isa = PBXBuildFile; fileRef = 1F7ED2BF28945CB600ACDB57 /* DirectoryView.swift */; };
		1F7ED2C228945D0E00ACDB57 /* CartButton.swift in Sources */ = {isa = PBXBuildFile; fileRef = 1F7ED2C128945D0E00ACDB57 /* CartButton.swift */; };
		1F7ED2C428945DF500ACDB57 /* SettingsButton.swift in Sources */ = {isa = PBXBuildFile; fileRef = 1F7ED2C328945DF500ACDB57 /* SettingsButton.swift */; };
		1F7ED2C728945F1000ACDB57 /* MainView.swift in Sources */ = {isa = PBXBuildFile; fileRef = 1F7ED2C628945F1000ACDB57 /* MainView.swift */; };
		1F7ED2CA28945F7A00ACDB57 /* SettingsView.swift in Sources */ = {isa = PBXBuildFile; fileRef = 1F7ED2C928945F7A00ACDB57 /* SettingsView.swift */; };
		1F7ED2CC28947EBE00ACDB57 /* CategoryButton.swift in Sources */ = {isa = PBXBuildFile; fileRef = 1F7ED2CB28947EBE00ACDB57 /* CategoryButton.swift */; };
		1F7ED2CF289490A600ACDB57 /* Tabs.swift in Sources */ = {isa = PBXBuildFile; fileRef = 1F7ED2CE289490A600ACDB57 /* Tabs.swift */; };
		1F7ED2D12894986200ACDB57 /* IconButton.swift in Sources */ = {isa = PBXBuildFile; fileRef = 1F7ED2D02894986200ACDB57 /* IconButton.swift */; };
		1F7ED2D32894B62B00ACDB57 /* FavButton2.swift in Sources */ = {isa = PBXBuildFile; fileRef = 1F7ED2D22894B62B00ACDB57 /* FavButton2.swift */; };
		1F7ED2D52894BF8900ACDB57 /* RecentShowCard.swift in Sources */ = {isa = PBXBuildFile; fileRef = 1F7ED2D42894BF8900ACDB57 /* RecentShowCard.swift */; };
		1F7ED2D72894BFA100ACDB57 /* SmallCard.swift in Sources */ = {isa = PBXBuildFile; fileRef = 1F7ED2D62894BFA100ACDB57 /* SmallCard.swift */; };
		1F83BE82289564870042DBDA /* DirectoryCard.swift in Sources */ = {isa = PBXBuildFile; fileRef = 1F83BE81289564870042DBDA /* DirectoryCard.swift */; };
		1F83BE86289567A40042DBDA /* CustomCorners.swift in Sources */ = {isa = PBXBuildFile; fileRef = 1F83BE85289567A40042DBDA /* CustomCorners.swift */; };
		1F83BE882895684B0042DBDA /* Color.swift in Sources */ = {isa = PBXBuildFile; fileRef = 1F83BE872895684B0042DBDA /* Color.swift */; };
		1F83BE8A289569660042DBDA /* Date.swift in Sources */ = {isa = PBXBuildFile; fileRef = 1F83BE89289569660042DBDA /* Date.swift */; };
		1F83BE8C28956A890042DBDA /* Double.swift in Sources */ = {isa = PBXBuildFile; fileRef = 1F83BE8B28956A890042DBDA /* Double.swift */; };
		1F83BE8E289579870042DBDA /* View.swift in Sources */ = {isa = PBXBuildFile; fileRef = 1F83BE8D289579870042DBDA /* View.swift */; };
		1F83BE902895E7480042DBDA /* EpisodeRow.swift in Sources */ = {isa = PBXBuildFile; fileRef = 1F83BE8F2895E7480042DBDA /* EpisodeRow.swift */; };
		1FF57D0D28971506003EF77E /* EpisodeSheet.swift in Sources */ = {isa = PBXBuildFile; fileRef = 1FF57D0C28971506003EF77E /* EpisodeSheet.swift */; };
/* End PBXBuildFile section */

/* Begin PBXFileReference section */
		1F7ED28F2894449700ACDB57 /* GuhsoPodcast.app */ = {isa = PBXFileReference; explicitFileType = wrapper.application; includeInIndex = 0; path = GuhsoPodcast.app; sourceTree = BUILT_PRODUCTS_DIR; };
		1F7ED2922894449700ACDB57 /* GuhsoPodcastApp.swift */ = {isa = PBXFileReference; lastKnownFileType = sourcecode.swift; path = GuhsoPodcastApp.swift; sourceTree = "<group>"; };
		1F7ED2942894449700ACDB57 /* ContentView.swift */ = {isa = PBXFileReference; lastKnownFileType = sourcecode.swift; path = ContentView.swift; sourceTree = "<group>"; };
		1F7ED2962894449900ACDB57 /* Assets.xcassets */ = {isa = PBXFileReference; lastKnownFileType = folder.assetcatalog; path = Assets.xcassets; sourceTree = "<group>"; };
		1F7ED2992894449900ACDB57 /* Preview Assets.xcassets */ = {isa = PBXFileReference; lastKnownFileType = folder.assetcatalog; path = "Preview Assets.xcassets"; sourceTree = "<group>"; };
		1F7ED29B2894449900ACDB57 /* Persistence.swift */ = {isa = PBXFileReference; lastKnownFileType = sourcecode.swift; path = Persistence.swift; sourceTree = "<group>"; };
		1F7ED29E2894449900ACDB57 /* GuhsoPodcast.xcdatamodel */ = {isa = PBXFileReference; lastKnownFileType = wrapper.xcdatamodel; path = GuhsoPodcast.xcdatamodel; sourceTree = "<group>"; };
		1F7ED2AB2894469E00ACDB57 /* HomeView.swift */ = {isa = PBXFileReference; lastKnownFileType = sourcecode.swift; path = HomeView.swift; sourceTree = "<group>"; };
		1F7ED2AD289446AC00ACDB57 /* ProfileView.swift */ = {isa = PBXFileReference; lastKnownFileType = sourcecode.swift; path = ProfileView.swift; sourceTree = "<group>"; };
		1F7ED2B02894473C00ACDB57 /* LoginView.swift */ = {isa = PBXFileReference; lastKnownFileType = sourcecode.swift; path = LoginView.swift; sourceTree = "<group>"; };
		1F7ED2B22894490C00ACDB57 /* FavButton.swift */ = {isa = PBXFileReference; lastKnownFileType = sourcecode.swift; path = FavButton.swift; sourceTree = "<group>"; };
		1F7ED2B428944ADF00ACDB57 /* PlayButton.swift */ = {isa = PBXFileReference; lastKnownFileType = sourcecode.swift; path = PlayButton.swift; sourceTree = "<group>"; };
		1F7ED2B628944DAC00ACDB57 /* ProfileButton.swift */ = {isa = PBXFileReference; lastKnownFileType = sourcecode.swift; path = ProfileButton.swift; sourceTree = "<group>"; };
		1F7ED2B828944F8900ACDB57 /* EpisodeCard.swift */ = {isa = PBXFileReference; lastKnownFileType = sourcecode.swift; path = EpisodeCard.swift; sourceTree = "<group>"; };
		1F7ED2BB28945C6100ACDB57 /* PlayerSheet.swift */ = {isa = PBXFileReference; lastKnownFileType = sourcecode.swift; path = PlayerSheet.swift; sourceTree = "<group>"; };
		1F7ED2BD28945C9B00ACDB57 /* CategorySection.swift */ = {isa = PBXFileReference; lastKnownFileType = sourcecode.swift; path = CategorySection.swift; sourceTree = "<group>"; };
		1F7ED2BF28945CB600ACDB57 /* DirectoryView.swift */ = {isa = PBXFileReference; lastKnownFileType = sourcecode.swift; path = DirectoryView.swift; sourceTree = "<group>"; };
		1F7ED2C128945D0E00ACDB57 /* CartButton.swift */ = {isa = PBXFileReference; lastKnownFileType = sourcecode.swift; path = CartButton.swift; sourceTree = "<group>"; };
		1F7ED2C328945DF500ACDB57 /* SettingsButton.swift */ = {isa = PBXFileReference; lastKnownFileType = sourcecode.swift; path = SettingsButton.swift; sourceTree = "<group>"; };
		1F7ED2C628945F1000ACDB57 /* MainView.swift */ = {isa = PBXFileReference; lastKnownFileType = sourcecode.swift; path = MainView.swift; sourceTree = "<group>"; };
		1F7ED2C928945F7A00ACDB57 /* SettingsView.swift */ = {isa = PBXFileReference; lastKnownFileType = sourcecode.swift; path = SettingsView.swift; sourceTree = "<group>"; };
		1F7ED2CB28947EBE00ACDB57 /* CategoryButton.swift */ = {isa = PBXFileReference; lastKnownFileType = sourcecode.swift; path = CategoryButton.swift; sourceTree = "<group>"; };
		1F7ED2CE289490A600ACDB57 /* Tabs.swift */ = {isa = PBXFileReference; lastKnownFileType = sourcecode.swift; path = Tabs.swift; sourceTree = "<group>"; };
		1F7ED2D02894986200ACDB57 /* IconButton.swift */ = {isa = PBXFileReference; lastKnownFileType = sourcecode.swift; path = IconButton.swift; sourceTree = "<group>"; };
		1F7ED2D22894B62B00ACDB57 /* FavButton2.swift */ = {isa = PBXFileReference; lastKnownFileType = sourcecode.swift; path = FavButton2.swift; sourceTree = "<group>"; };
		1F7ED2D42894BF8900ACDB57 /* RecentShowCard.swift */ = {isa = PBXFileReference; lastKnownFileType = sourcecode.swift; path = RecentShowCard.swift; sourceTree = "<group>"; };
		1F7ED2D62894BFA100ACDB57 /* SmallCard.swift */ = {isa = PBXFileReference; lastKnownFileType = sourcecode.swift; path = SmallCard.swift; sourceTree = "<group>"; };
		1F83BE81289564870042DBDA /* DirectoryCard.swift */ = {isa = PBXFileReference; lastKnownFileType = sourcecode.swift; path = DirectoryCard.swift; sourceTree = "<group>"; };
		1F83BE85289567A40042DBDA /* CustomCorners.swift */ = {isa = PBXFileReference; lastKnownFileType = sourcecode.swift; path = CustomCorners.swift; sourceTree = "<group>"; };
		1F83BE872895684B0042DBDA /* Color.swift */ = {isa = PBXFileReference; lastKnownFileType = sourcecode.swift; path = Color.swift; sourceTree = "<group>"; };
		1F83BE89289569660042DBDA /* Date.swift */ = {isa = PBXFileReference; lastKnownFileType = sourcecode.swift; path = Date.swift; sourceTree = "<group>"; };
		1F83BE8B28956A890042DBDA /* Double.swift */ = {isa = PBXFileReference; lastKnownFileType = sourcecode.swift; path = Double.swift; sourceTree = "<group>"; };
		1F83BE8D289579870042DBDA /* View.swift */ = {isa = PBXFileReference; lastKnownFileType = sourcecode.swift; path = View.swift; sourceTree = "<group>"; };
		1F83BE8F2895E7480042DBDA /* EpisodeRow.swift */ = {isa = PBXFileReference; lastKnownFileType = sourcecode.swift; path = EpisodeRow.swift; sourceTree = "<group>"; };
		1FF57D0C28971506003EF77E /* EpisodeSheet.swift */ = {isa = PBXFileReference; lastKnownFileType = sourcecode.swift; path = EpisodeSheet.swift; sourceTree = "<group>"; };
/* End PBXFileReference section */

/* Begin PBXFrameworksBuildPhase section */
		1F7ED28C2894449700ACDB57 /* Frameworks */ = {
			isa = PBXFrameworksBuildPhase;
			buildActionMask = 2147483647;
			files = (
			);
			runOnlyForDeploymentPostprocessing = 0;
		};
/* End PBXFrameworksBuildPhase section */

/* Begin PBXGroup section */
		1F7ED2862894449700ACDB57 = {
			isa = PBXGroup;
			children = (
				1F7ED2912894449700ACDB57 /* GuhsoPodcast */,
				1F7ED2902894449700ACDB57 /* Products */,
			);
			sourceTree = "<group>";
		};
		1F7ED2902894449700ACDB57 /* Products */ = {
			isa = PBXGroup;
			children = (
				1F7ED28F2894449700ACDB57 /* GuhsoPodcast.app */,
			);
			name = Products;
			sourceTree = "<group>";
		};
		1F7ED2912894449700ACDB57 /* GuhsoPodcast */ = {
			isa = PBXGroup;
			children = (
				1F83BE83289567780042DBDA /* Resources */,
				1F7ED2A72894465B00ACDB57 /* Components */,
				1F7ED2A62894465100ACDB57 /* Managers */,
				1F7ED2A52894464700ACDB57 /* Views */,
				1F7ED2922894449700ACDB57 /* GuhsoPodcastApp.swift */,
				1F7ED2942894449700ACDB57 /* ContentView.swift */,
				1F7ED2962894449900ACDB57 /* Assets.xcassets */,
				1F7ED29B2894449900ACDB57 /* Persistence.swift */,
				1F7ED29D2894449900ACDB57 /* GuhsoPodcast.xcdatamodeld */,
				1F7ED2982894449900ACDB57 /* Preview Content */,
			);
			path = GuhsoPodcast;
			sourceTree = "<group>";
		};
		1F7ED2982894449900ACDB57 /* Preview Content */ = {
			isa = PBXGroup;
			children = (
				1F7ED2992894449900ACDB57 /* Preview Assets.xcassets */,
			);
			path = "Preview Content";
			sourceTree = "<group>";
		};
		1F7ED2A52894464700ACDB57 /* Views */ = {
			isa = PBXGroup;
			children = (
				1F7ED2C828945F6300ACDB57 /* Settings */,
				1F7ED2C528945EFC00ACDB57 /* Shop */,
				1F7ED2BA28945C4600ACDB57 /* Sheets */,
				1F7ED2AF2894472A00ACDB57 /* Auth */,
				1F7ED2A82894466900ACDB57 /* Core */,
			);
			path = Views;
			sourceTree = "<group>";
		};
		1F7ED2A62894465100ACDB57 /* Managers */ = {
			isa = PBXGroup;
			children = (
			);
			path = Managers;
			sourceTree = "<group>";
		};
		1F7ED2A72894465B00ACDB57 /* Components */ = {
			isa = PBXGroup;
			children = (
				1F7ED2CD2894908F00ACDB57 /* TabView */,
				1F7ED2AA2894468000ACDB57 /* Cards */,
				1F7ED2A92894467300ACDB57 /* Buttons */,
			);
			path = Components;
			sourceTree = "<group>";
		};
		1F7ED2A82894466900ACDB57 /* Core */ = {
			isa = PBXGroup;
			children = (
				1F7ED2AB2894469E00ACDB57 /* HomeView.swift */,
				1F7ED2BD28945C9B00ACDB57 /* CategorySection.swift */,
				1F7ED2BF28945CB600ACDB57 /* DirectoryView.swift */,
				1F7ED2AD289446AC00ACDB57 /* ProfileView.swift */,
			);
			path = Core;
			sourceTree = "<group>";
		};
		1F7ED2A92894467300ACDB57 /* Buttons */ = {
			isa = PBXGroup;
			children = (
				1F7ED2B22894490C00ACDB57 /* FavButton.swift */,
				1F7ED2B428944ADF00ACDB57 /* PlayButton.swift */,
				1F7ED2B628944DAC00ACDB57 /* ProfileButton.swift */,
				1F7ED2C128945D0E00ACDB57 /* CartButton.swift */,
				1F7ED2C328945DF500ACDB57 /* SettingsButton.swift */,
				1F7ED2CB28947EBE00ACDB57 /* CategoryButton.swift */,
				1F7ED2D02894986200ACDB57 /* IconButton.swift */,
				1F7ED2D22894B62B00ACDB57 /* FavButton2.swift */,
			);
			path = Buttons;
			sourceTree = "<group>";
		};
		1F7ED2AA2894468000ACDB57 /* Cards */ = {
			isa = PBXGroup;
			children = (
				1F7ED2B828944F8900ACDB57 /* EpisodeCard.swift */,
				1F7ED2D42894BF8900ACDB57 /* RecentShowCard.swift */,
				1F7ED2D62894BFA100ACDB57 /* SmallCard.swift */,
				1F83BE81289564870042DBDA /* DirectoryCard.swift */,
				1F83BE8F2895E7480042DBDA /* EpisodeRow.swift */,
			);
			path = Cards;
			sourceTree = "<group>";
		};
		1F7ED2AF2894472A00ACDB57 /* Auth */ = {
			isa = PBXGroup;
			children = (
				1F7ED2B02894473C00ACDB57 /* LoginView.swift */,
			);
			path = Auth;
			sourceTree = "<group>";
		};
		1F7ED2BA28945C4600ACDB57 /* Sheets */ = {
			isa = PBXGroup;
			children = (
				1F7ED2BB28945C6100ACDB57 /* PlayerSheet.swift */,
				1FF57D0C28971506003EF77E /* EpisodeSheet.swift */,
			);
			path = Sheets;
			sourceTree = "<group>";
		};
		1F7ED2C528945EFC00ACDB57 /* Shop */ = {
			isa = PBXGroup;
			children = (
				1F7ED2C628945F1000ACDB57 /* MainView.swift */,
			);
			path = Shop;
			sourceTree = "<group>";
		};
		1F7ED2C828945F6300ACDB57 /* Settings */ = {
			isa = PBXGroup;
			children = (
				1F7ED2C928945F7A00ACDB57 /* SettingsView.swift */,
			);
			path = Settings;
			sourceTree = "<group>";
		};
		1F7ED2CD2894908F00ACDB57 /* TabView */ = {
			isa = PBXGroup;
			children = (
				1F7ED2CE289490A600ACDB57 /* Tabs.swift */,
			);
			path = TabView;
			sourceTree = "<group>";
		};
		1F83BE83289567780042DBDA /* Resources */ = {
			isa = PBXGroup;
			children = (
				1F83BE85289567A40042DBDA /* CustomCorners.swift */,
				1F83BE84289567810042DBDA /* Extensions */,
			);
			path = Resources;
			sourceTree = "<group>";
		};
		1F83BE84289567810042DBDA /* Extensions */ = {
			isa = PBXGroup;
			children = (
				1F83BE872895684B0042DBDA /* Color.swift */,
				1F83BE89289569660042DBDA /* Date.swift */,
				1F83BE8B28956A890042DBDA /* Double.swift */,
				1F83BE8D289579870042DBDA /* View.swift */,
			);
			path = Extensions;
			sourceTree = "<group>";
		};
/* End PBXGroup section */

/* Begin PBXNativeTarget section */
		1F7ED28E2894449700ACDB57 /* GuhsoPodcast */ = {
			isa = PBXNativeTarget;
			buildConfigurationList = 1F7ED2A22894449900ACDB57 /* Build configuration list for PBXNativeTarget "GuhsoPodcast" */;
			buildPhases = (
				1F7ED28B2894449700ACDB57 /* Sources */,
				1F7ED28C2894449700ACDB57 /* Frameworks */,
				1F7ED28D2894449700ACDB57 /* Resources */,
			);
			buildRules = (
			);
			dependencies = (
			);
			name = GuhsoPodcast;
			productName = GuhsoPodcast;
			productReference = 1F7ED28F2894449700ACDB57 /* GuhsoPodcast.app */;
			productType = "com.apple.product-type.application";
		};
/* End PBXNativeTarget section */

/* Begin PBXProject section */
		1F7ED2872894449700ACDB57 /* Project object */ = {
			isa = PBXProject;
			attributes = {
				BuildIndependentTargetsInParallel = 1;
				LastSwiftUpdateCheck = 1340;
				LastUpgradeCheck = 1340;
				TargetAttributes = {
					1F7ED28E2894449700ACDB57 = {
						CreatedOnToolsVersion = 13.4.1;
					};
				};
			};
			buildConfigurationList = 1F7ED28A2894449700ACDB57 /* Build configuration list for PBXProject "GuhsoPodcast" */;
			compatibilityVersion = "Xcode 13.0";
			developmentRegion = en;
			hasScannedForEncodings = 0;
			knownRegions = (
				en,
				Base,
			);
			mainGroup = 1F7ED2862894449700ACDB57;
			productRefGroup = 1F7ED2902894449700ACDB57 /* Products */;
			projectDirPath = "";
			projectRoot = "";
			targets = (
				1F7ED28E2894449700ACDB57 /* GuhsoPodcast */,
			);
		};
/* End PBXProject section */

/* Begin PBXResourcesBuildPhase section */
		1F7ED28D2894449700ACDB57 /* Resources */ = {
			isa = PBXResourcesBuildPhase;
			buildActionMask = 2147483647;
			files = (
				1F7ED29A2894449900ACDB57 /* Preview Assets.xcassets in Resources */,
				1F7ED2972894449900ACDB57 /* Assets.xcassets in Resources */,
			);
			runOnlyForDeploymentPostprocessing = 0;
		};
/* End PBXResourcesBuildPhase section */

/* Begin PBXSourcesBuildPhase section */
		1F7ED28B2894449700ACDB57 /* Sources */ = {
			isa = PBXSourcesBuildPhase;
			buildActionMask = 2147483647;
			files = (
				1F7ED29C2894449900ACDB57 /* Persistence.swift in Sources */,
				1F7ED2B928944F8900ACDB57 /* EpisodeCard.swift in Sources */,
				1F83BE8E289579870042DBDA /* View.swift in Sources */,
				1F7ED2CC28947EBE00ACDB57 /* CategoryButton.swift in Sources */,
				1F7ED2CF289490A600ACDB57 /* Tabs.swift in Sources */,
				1F7ED2BC28945C6100ACDB57 /* PlayerSheet.swift in Sources */,
				1F7ED2D72894BFA100ACDB57 /* SmallCard.swift in Sources */,
				1F7ED2CA28945F7A00ACDB57 /* SettingsView.swift in Sources */,
				1F7ED2B12894473C00ACDB57 /* LoginView.swift in Sources */,
				1F83BE82289564870042DBDA /* DirectoryCard.swift in Sources */,
				1F7ED2B528944ADF00ACDB57 /* PlayButton.swift in Sources */,
				1F7ED2BE28945C9B00ACDB57 /* CategorySection.swift in Sources */,
				1F7ED2D12894986200ACDB57 /* IconButton.swift in Sources */,
				1F7ED2C028945CB600ACDB57 /* DirectoryView.swift in Sources */,
				1F7ED29F2894449900ACDB57 /* GuhsoPodcast.xcdatamodeld in Sources */,
				1FF57D0D28971506003EF77E /* EpisodeSheet.swift in Sources */,
				1F7ED2B32894490C00ACDB57 /* FavButton.swift in Sources */,
				1F7ED2952894449700ACDB57 /* ContentView.swift in Sources */,
				1F7ED2B728944DAC00ACDB57 /* ProfileButton.swift in Sources */,
				1F83BE882895684B0042DBDA /* Color.swift in Sources */,
				1F7ED2D52894BF8900ACDB57 /* RecentShowCard.swift in Sources */,
				1F7ED2C728945F1000ACDB57 /* MainView.swift in Sources */,
				1F7ED2AC2894469E00ACDB57 /* HomeView.swift in Sources */,
				1F7ED2C428945DF500ACDB57 /* SettingsButton.swift in Sources */,
				1F83BE86289567A40042DBDA /* CustomCorners.swift in Sources */,
				1F83BE8A289569660042DBDA /* Date.swift in Sources */,
				1F7ED2AE289446AC00ACDB57 /* ProfileView.swift in Sources */,
				1F7ED2932894449700ACDB57 /* GuhsoPodcastApp.swift in Sources */,
				1F7ED2D32894B62B00ACDB57 /* FavButton2.swift in Sources */,
				1F83BE8C28956A890042DBDA /* Double.swift in Sources */,
				1F83BE902895E7480042DBDA /* EpisodeRow.swift in Sources */,
				1F7ED2C228945D0E00ACDB57 /* CartButton.swift in Sources */,
			);
			runOnlyForDeploymentPostprocessing = 0;
		};
/* End PBXSourcesBuildPhase section */

/* Begin XCBuildConfiguration section */
		1F7ED2A02894449900ACDB57 /* Debug */ = {
			isa = XCBuildConfiguration;
			buildSettings = {
				ALWAYS_SEARCH_USER_PATHS = NO;
				CLANG_ANALYZER_NONNULL = YES;
				CLANG_ANALYZER_NUMBER_OBJECT_CONVERSION = YES_AGGRESSIVE;
				CLANG_CXX_LANGUAGE_STANDARD = "gnu++17";
				CLANG_ENABLE_MODULES = YES;
				CLANG_ENABLE_OBJC_ARC = YES;
				CLANG_ENABLE_OBJC_WEAK = YES;
				CLANG_WARN_BLOCK_CAPTURE_AUTORELEASING = YES;
				CLANG_WARN_BOOL_CONVERSION = YES;
				CLANG_WARN_COMMA = YES;
				CLANG_WARN_CONSTANT_CONVERSION = YES;
				CLANG_WARN_DEPRECATED_OBJC_IMPLEMENTATIONS = YES;
				CLANG_WARN_DIRECT_OBJC_ISA_USAGE = YES_ERROR;
				CLANG_WARN_DOCUMENTATION_COMMENTS = YES;
				CLANG_WARN_EMPTY_BODY = YES;
				CLANG_WARN_ENUM_CONVERSION = YES;
				CLANG_WARN_INFINITE_RECURSION = YES;
				CLANG_WARN_INT_CONVERSION = YES;
				CLANG_WARN_NON_LITERAL_NULL_CONVERSION = YES;
				CLANG_WARN_OBJC_IMPLICIT_RETAIN_SELF = YES;
				CLANG_WARN_OBJC_LITERAL_CONVERSION = YES;
				CLANG_WARN_OBJC_ROOT_CLASS = YES_ERROR;
				CLANG_WARN_QUOTED_INCLUDE_IN_FRAMEWORK_HEADER = YES;
				CLANG_WARN_RANGE_LOOP_ANALYSIS = YES;
				CLANG_WARN_STRICT_PROTOTYPES = YES;
				CLANG_WARN_SUSPICIOUS_MOVE = YES;
				CLANG_WARN_UNGUARDED_AVAILABILITY = YES_AGGRESSIVE;
				CLANG_WARN_UNREACHABLE_CODE = YES;
				CLANG_WARN__DUPLICATE_METHOD_MATCH = YES;
				COPY_PHASE_STRIP = NO;
				DEBUG_INFORMATION_FORMAT = dwarf;
				ENABLE_STRICT_OBJC_MSGSEND = YES;
				ENABLE_TESTABILITY = YES;
				GCC_C_LANGUAGE_STANDARD = gnu11;
				GCC_DYNAMIC_NO_PIC = NO;
				GCC_NO_COMMON_BLOCKS = YES;
				GCC_OPTIMIZATION_LEVEL = 0;
				GCC_PREPROCESSOR_DEFINITIONS = (
					"DEBUG=1",
					"$(inherited)",
				);
				GCC_WARN_64_TO_32_BIT_CONVERSION = YES;
				GCC_WARN_ABOUT_RETURN_TYPE = YES_ERROR;
				GCC_WARN_UNDECLARED_SELECTOR = YES;
				GCC_WARN_UNINITIALIZED_AUTOS = YES_AGGRESSIVE;
				GCC_WARN_UNUSED_FUNCTION = YES;
				GCC_WARN_UNUSED_VARIABLE = YES;
				IPHONEOS_DEPLOYMENT_TARGET = 15.5;
				MTL_ENABLE_DEBUG_INFO = INCLUDE_SOURCE;
				MTL_FAST_MATH = YES;
				ONLY_ACTIVE_ARCH = YES;
				SDKROOT = iphoneos;
				SWIFT_ACTIVE_COMPILATION_CONDITIONS = DEBUG;
				SWIFT_OPTIMIZATION_LEVEL = "-Onone";
			};
			name = Debug;
		};
		1F7ED2A12894449900ACDB57 /* Release */ = {
			isa = XCBuildConfiguration;
			buildSettings = {
				ALWAYS_SEARCH_USER_PATHS = NO;
				CLANG_ANALYZER_NONNULL = YES;
				CLANG_ANALYZER_NUMBER_OBJECT_CONVERSION = YES_AGGRESSIVE;
				CLANG_CXX_LANGUAGE_STANDARD = "gnu++17";
				CLANG_ENABLE_MODULES = YES;
				CLANG_ENABLE_OBJC_ARC = YES;
				CLANG_ENABLE_OBJC_WEAK = YES;
				CLANG_WARN_BLOCK_CAPTURE_AUTORELEASING = YES;
				CLANG_WARN_BOOL_CONVERSION = YES;
				CLANG_WARN_COMMA = YES;
				CLANG_WARN_CONSTANT_CONVERSION = YES;
				CLANG_WARN_DEPRECATED_OBJC_IMPLEMENTATIONS = YES;
				CLANG_WARN_DIRECT_OBJC_ISA_USAGE = YES_ERROR;
				CLANG_WARN_DOCUMENTATION_COMMENTS = YES;
				CLANG_WARN_EMPTY_BODY = YES;
				CLANG_WARN_ENUM_CONVERSION = YES;
				CLANG_WARN_INFINITE_RECURSION = YES;
				CLANG_WARN_INT_CONVERSION = YES;
				CLANG_WARN_NON_LITERAL_NULL_CONVERSION = YES;
				CLANG_WARN_OBJC_IMPLICIT_RETAIN_SELF = YES;
				CLANG_WARN_OBJC_LITERAL_CONVERSION = YES;
				CLANG_WARN_OBJC_ROOT_CLASS = YES_ERROR;
				CLANG_WARN_QUOTED_INCLUDE_IN_FRAMEWORK_HEADER = YES;
				CLANG_WARN_RANGE_LOOP_ANALYSIS = YES;
				CLANG_WARN_STRICT_PROTOTYPES = YES;
				CLANG_WARN_SUSPICIOUS_MOVE = YES;
				CLANG_WARN_UNGUARDED_AVAILABILITY = YES_AGGRESSIVE;
				CLANG_WARN_UNREACHABLE_CODE = YES;
				CLANG_WARN__DUPLICATE_METHOD_MATCH = YES;
				COPY_PHASE_STRIP = NO;
				DEBUG_INFORMATION_FORMAT = "dwarf-with-dsym";
				ENABLE_NS_ASSERTIONS = NO;
				ENABLE_STRICT_OBJC_MSGSEND = YES;
				GCC_C_LANGUAGE_STANDARD = gnu11;
				GCC_NO_COMMON_BLOCKS = YES;
				GCC_WARN_64_TO_32_BIT_CONVERSION = YES;
				GCC_WARN_ABOUT_RETURN_TYPE = YES_ERROR;
				GCC_WARN_UNDECLARED_SELECTOR = YES;
				GCC_WARN_UNINITIALIZED_AUTOS = YES_AGGRESSIVE;
				GCC_WARN_UNUSED_FUNCTION = YES;
				GCC_WARN_UNUSED_VARIABLE = YES;
				IPHONEOS_DEPLOYMENT_TARGET = 15.5;
				MTL_ENABLE_DEBUG_INFO = NO;
				MTL_FAST_MATH = YES;
				SDKROOT = iphoneos;
				SWIFT_COMPILATION_MODE = wholemodule;
				SWIFT_OPTIMIZATION_LEVEL = "-O";
				VALIDATE_PRODUCT = YES;
			};
			name = Release;
		};
		1F7ED2A32894449900ACDB57 /* Debug */ = {
			isa = XCBuildConfiguration;
			buildSettings = {
				ASSETCATALOG_COMPILER_APPICON_NAME = AppIcon;
				ASSETCATALOG_COMPILER_GLOBAL_ACCENT_COLOR_NAME = AccentColor;
				CODE_SIGN_STYLE = Automatic;
				CURRENT_PROJECT_VERSION = 1;
				DEVELOPMENT_ASSET_PATHS = "\"GuhsoPodcast/Preview Content\"";
				DEVELOPMENT_TEAM = NVBAMR8VDL;
				ENABLE_PREVIEWS = YES;
				GENERATE_INFOPLIST_FILE = YES;
				INFOPLIST_KEY_UIApplicationSceneManifest_Generation = YES;
				INFOPLIST_KEY_UIApplicationSupportsIndirectInputEvents = YES;
				INFOPLIST_KEY_UILaunchScreen_Generation = YES;
				INFOPLIST_KEY_UISupportedInterfaceOrientations_iPad = "UIInterfaceOrientationPortrait UIInterfaceOrientationPortraitUpsideDown UIInterfaceOrientationLandscapeLeft UIInterfaceOrientationLandscapeRight";
				INFOPLIST_KEY_UISupportedInterfaceOrientations_iPhone = "UIInterfaceOrientationPortrait UIInterfaceOrientationLandscapeLeft UIInterfaceOrientationLandscapeRight";
				LD_RUNPATH_SEARCH_PATHS = (
					"$(inherited)",
					"@executable_path/Frameworks",
				);
				MARKETING_VERSION = 1.0;
				PRODUCT_BUNDLE_IDENTIFIER = com.5fourlab.GuhsoPodcast;
				PRODUCT_NAME = "$(TARGET_NAME)";
				SWIFT_EMIT_LOC_STRINGS = YES;
				SWIFT_VERSION = 5.0;
				TARGETED_DEVICE_FAMILY = "1,2";
			};
			name = Debug;
		};
		1F7ED2A42894449900ACDB57 /* Release */ = {
			isa = XCBuildConfiguration;
			buildSettings = {
				ASSETCATALOG_COMPILER_APPICON_NAME = AppIcon;
				ASSETCATALOG_COMPILER_GLOBAL_ACCENT_COLOR_NAME = AccentColor;
				CODE_SIGN_STYLE = Automatic;
				CURRENT_PROJECT_VERSION = 1;
				DEVELOPMENT_ASSET_PATHS = "\"GuhsoPodcast/Preview Content\"";
				DEVELOPMENT_TEAM = NVBAMR8VDL;
				ENABLE_PREVIEWS = YES;
				GENERATE_INFOPLIST_FILE = YES;
				INFOPLIST_KEY_UIApplicationSceneManifest_Generation = YES;
				INFOPLIST_KEY_UIApplicationSupportsIndirectInputEvents = YES;
				INFOPLIST_KEY_UILaunchScreen_Generation = YES;
				INFOPLIST_KEY_UISupportedInterfaceOrientations_iPad = "UIInterfaceOrientationPortrait UIInterfaceOrientationPortraitUpsideDown UIInterfaceOrientationLandscapeLeft UIInterfaceOrientationLandscapeRight";
				INFOPLIST_KEY_UISupportedInterfaceOrientations_iPhone = "UIInterfaceOrientationPortrait UIInterfaceOrientationLandscapeLeft UIInterfaceOrientationLandscapeRight";
				LD_RUNPATH_SEARCH_PATHS = (
					"$(inherited)",
					"@executable_path/Frameworks",
				);
				MARKETING_VERSION = 1.0;
				PRODUCT_BUNDLE_IDENTIFIER = com.5fourlab.GuhsoPodcast;
				PRODUCT_NAME = "$(TARGET_NAME)";
				SWIFT_EMIT_LOC_STRINGS = YES;
				SWIFT_VERSION = 5.0;
				TARGETED_DEVICE_FAMILY = "1,2";
			};
			name = Release;
		};
/* End XCBuildConfiguration section */

/* Begin XCConfigurationList section */
		1F7ED28A2894449700ACDB57 /* Build configuration list for PBXProject "GuhsoPodcast" */ = {
			isa = XCConfigurationList;
			buildConfigurations = (
				1F7ED2A02894449900ACDB57 /* Debug */,
				1F7ED2A12894449900ACDB57 /* Release */,
			);
			defaultConfigurationIsVisible = 0;
			defaultConfigurationName = Release;
		};
		1F7ED2A22894449900ACDB57 /* Build configuration list for PBXNativeTarget "GuhsoPodcast" */ = {
			isa = XCConfigurationList;
			buildConfigurations = (
				1F7ED2A32894449900ACDB57 /* Debug */,
				1F7ED2A42894449900ACDB57 /* Release */,
			);
			defaultConfigurationIsVisible = 0;
			defaultConfigurationName = Release;
		};
/* End XCConfigurationList section */

/* Begin XCVersionGroup section */
		1F7ED29D2894449900ACDB57 /* GuhsoPodcast.xcdatamodeld */ = {
			isa = XCVersionGroup;
			children = (
				1F7ED29E2894449900ACDB57 /* GuhsoPodcast.xcdatamodel */,
			);
			currentVersion = 1F7ED29E2894449900ACDB57 /* GuhsoPodcast.xcdatamodel */;
			path = GuhsoPodcast.xcdatamodeld;
			sourceTree = "<group>";
			versionGroupType = wrapper.xcdatamodel;
		};
/* End XCVersionGroup section */
	};
	rootObject = 1F7ED2872894449700ACDB57 /* Project object */;
}
